{
  "version": "2",
  "remote": {
    "https://deno.land/std@0.100.0/_util/assert.ts": "2f868145a042a11d5ad0a3c748dcf580add8a0dbc0e876eaa0026303a5488f58",
    "https://deno.land/std@0.100.0/_util/os.ts": "e282950a0eaa96760c0cf11e7463e66babd15ec9157d4c9ed49cc0925686f6a7",
    "https://deno.land/std@0.100.0/flags/mod.ts": "0994240ad009980e46bc3bb1314e9469c7241617e4345b27afc82097fdbef841",
    "https://deno.land/std@0.100.0/path/_constants.ts": "1247fee4a79b70c89f23499691ef169b41b6ccf01887a0abd131009c5581b853",
    "https://deno.land/std@0.100.0/path/_interface.ts": "1fa73b02aaa24867e481a48492b44f2598cd9dfa513c7b34001437007d3642e4",
    "https://deno.land/std@0.100.0/path/_util.ts": "2e06a3b9e79beaf62687196bd4b60a4c391d862cfa007a20fc3a39f778ba073b",
    "https://deno.land/std@0.100.0/path/common.ts": "eaf03d08b569e8a87e674e4e265e099f237472b6fd135b3cbeae5827035ea14a",
    "https://deno.land/std@0.100.0/path/glob.ts": "a5f1edf7e2ff24bbdef5f0ce515632f61aa098521bf11aab4fcd6d87b571aa93",
    "https://deno.land/std@0.100.0/path/mod.ts": "4465dc494f271b02569edbb4a18d727063b5dbd6ed84283ff906260970a15d12",
    "https://deno.land/std@0.100.0/path/posix.ts": "f56c3c99feb47f30a40ce9d252ef6f00296fa7c0fcb6dd81211bdb3b8b99ca3b",
    "https://deno.land/std@0.100.0/path/separator.ts": "8fdcf289b1b76fd726a508f57d3370ca029ae6976fcde5044007f062e643ff1c",
    "https://deno.land/std@0.100.0/path/win32.ts": "77f7b3604e0de40f3a7c698e8a79e7f601dc187035a1c21cb1e596666ce112f8",
    "https://deno.land/std@0.113.0/fmt/colors.ts": "8368ddf2d48dfe413ffd04cdbb7ae6a1009cf0dccc9c7ff1d76259d9c61a0621",
    "https://deno.land/std@0.120.0/_util/assert.ts": "2f868145a042a11d5ad0a3c748dcf580add8a0dbc0e876eaa0026303a5488f58",
    "https://deno.land/std@0.120.0/_util/os.ts": "dfb186cc4e968c770ab6cc3288bd65f4871be03b93beecae57d657232ecffcac",
    "https://deno.land/std@0.120.0/fs/_util.ts": "f2ce811350236ea8c28450ed822a5f42a0892316515b1cd61321dec13569c56b",
    "https://deno.land/std@0.120.0/fs/ensure_dir.ts": "b7c103dc41a3d1dbbb522bf183c519c37065fdc234831a4a0f7d671b1ed5fea7",
    "https://deno.land/std@0.120.0/fs/ensure_file.ts": "c06031af24368e80c330897e4b8e9109efc8602ffabc8f3e2306be07529e1d13",
    "https://deno.land/std@0.120.0/path/_constants.ts": "1247fee4a79b70c89f23499691ef169b41b6ccf01887a0abd131009c5581b853",
    "https://deno.land/std@0.120.0/path/_interface.ts": "1fa73b02aaa24867e481a48492b44f2598cd9dfa513c7b34001437007d3642e4",
    "https://deno.land/std@0.120.0/path/_util.ts": "2e06a3b9e79beaf62687196bd4b60a4c391d862cfa007a20fc3a39f778ba073b",
    "https://deno.land/std@0.120.0/path/common.ts": "f41a38a0719a1e85aa11c6ba3bea5e37c15dd009d705bd8873f94c833568cbc4",
    "https://deno.land/std@0.120.0/path/glob.ts": "7bf2349e818e332a830f3d8874c3f45dd7580b6c742ed50dbf6282d84ab18405",
    "https://deno.land/std@0.120.0/path/mod.ts": "4465dc494f271b02569edbb4a18d727063b5dbd6ed84283ff906260970a15d12",
    "https://deno.land/std@0.120.0/path/posix.ts": "34349174b9cd121625a2810837a82dd8b986bbaaad5ade690d1de75bbb4555b2",
    "https://deno.land/std@0.120.0/path/separator.ts": "8fdcf289b1b76fd726a508f57d3370ca029ae6976fcde5044007f062e643ff1c",
    "https://deno.land/std@0.120.0/path/win32.ts": "11549e8c6df8307a8efcfa47ad7b2a75da743eac7d4c89c9723a944661c8bd2e",
    "https://deno.land/std@0.121.0/fmt/colors.ts": "8368ddf2d48dfe413ffd04cdbb7ae6a1009cf0dccc9c7ff1d76259d9c61a0621",
    "https://deno.land/std@0.121.0/testing/_diff.ts": "e6a10d2aca8d6c27a9c5b8a2dbbf64353874730af539707b5b39d4128140642d",
    "https://deno.land/std@0.121.0/testing/asserts.ts": "3ef8c26b2a1e8e71c8a39279ab98e5743d1131a719b13828c6cd8e29f211ddaa",
    "https://deno.land/std@0.123.0/_util/assert.ts": "2f868145a042a11d5ad0a3c748dcf580add8a0dbc0e876eaa0026303a5488f58",
    "https://deno.land/std@0.123.0/_util/os.ts": "dfb186cc4e968c770ab6cc3288bd65f4871be03b93beecae57d657232ecffcac",
    "https://deno.land/std@0.123.0/fs/walk.ts": "705c210c736978731bd50bea0880bcf41bac48d29bca417c2534b1835e455756",
    "https://deno.land/std@0.123.0/path/_constants.ts": "1247fee4a79b70c89f23499691ef169b41b6ccf01887a0abd131009c5581b853",
    "https://deno.land/std@0.123.0/path/_interface.ts": "1fa73b02aaa24867e481a48492b44f2598cd9dfa513c7b34001437007d3642e4",
    "https://deno.land/std@0.123.0/path/_util.ts": "2e06a3b9e79beaf62687196bd4b60a4c391d862cfa007a20fc3a39f778ba073b",
    "https://deno.land/std@0.123.0/path/common.ts": "f41a38a0719a1e85aa11c6ba3bea5e37c15dd009d705bd8873f94c833568cbc4",
    "https://deno.land/std@0.123.0/path/glob.ts": "7bf2349e818e332a830f3d8874c3f45dd7580b6c742ed50dbf6282d84ab18405",
    "https://deno.land/std@0.123.0/path/mod.ts": "4465dc494f271b02569edbb4a18d727063b5dbd6ed84283ff906260970a15d12",
    "https://deno.land/std@0.123.0/path/posix.ts": "34349174b9cd121625a2810837a82dd8b986bbaaad5ade690d1de75bbb4555b2",
    "https://deno.land/std@0.123.0/path/separator.ts": "8fdcf289b1b76fd726a508f57d3370ca029ae6976fcde5044007f062e643ff1c",
    "https://deno.land/std@0.123.0/path/win32.ts": "11549e8c6df8307a8efcfa47ad7b2a75da743eac7d4c89c9723a944661c8bd2e",
    "https://deno.land/std@0.77.0/encoding/base64.ts": "b1d8f99b778981548457ec74bc6273ad785ffd6f61b2233bd5b30925345b565d",
    "https://deno.land/std@0.77.0/encoding/hex.ts": "07a03ba41c96060a4ed4ba272e50b9e23f3c5b3839f4b069cdebc24d57434386",
    "https://deno.land/std@0.77.0/hash/_wasm/hash.ts": "005f64c4d9343ecbc91e0da9ae5e800f146c20930ad829bbb872c5c06bd89c5f",
    "https://deno.land/std@0.77.0/hash/_wasm/wasm.js": "fa27095b91e6268682100997577f1d3478beab5b045777e27ff7b2b5d19c8fdc",
    "https://deno.land/std@0.77.0/hash/hasher.ts": "099c9e2a91b9f106b9f01379705e17e7d9de392ee1ea2b8684a2adfa82ac3bfc",
    "https://deno.land/std@0.77.0/hash/mod.ts": "e764a6a9ab2f5519a97f928e17cc13d984e3dd5c7f742ff9c1c8fb3114790f0c",
    "https://deno.land/x/cliffy@v0.20.1/_utils/distance.ts": "02af166952c7c358ac83beae397aa2fbca4ad630aecfcd38d92edb1ea429f004",
    "https://deno.land/x/cliffy@v0.20.1/command/_errors.ts": "979a5d3f91b9da60a5871a14c4d7aa88ad4e3258da2df7b83bf40d00949ca944",
    "https://deno.land/x/cliffy@v0.20.1/command/_utils.ts": "1f56505da613df55b00a7f954b42c38b2bf0c5c0f13c1470d18e0a0fbd8c3619",
    "https://deno.land/x/cliffy@v0.20.1/command/command.ts": "bef9ccf0267d928c844b1c98b565ee80d7f717d8d9fe86f205834c420ab7cb31",
    "https://deno.land/x/cliffy@v0.20.1/command/completions/_bash_completions_generator.ts": "08f18bb5f701e0e8dc9f0a4ae955100d6e693586d6ef767c19debc884373d176",
    "https://deno.land/x/cliffy@v0.20.1/command/completions/_fish_completions_generator.ts": "816eb56ee9c1db76ceda63e0a02eecce801d5a703cae814e67249b3648bdd5f7",
    "https://deno.land/x/cliffy@v0.20.1/command/completions/_zsh_completions_generator.ts": "34f959c03eb6536c87bb29604bcd1c3e9dea04eff7f382594b7496af442f1ec6",
    "https://deno.land/x/cliffy@v0.20.1/command/completions/bash.ts": "c989ce1eb3f92f51974b530a3985689eeff1dccfc0d763c20c66f38f12acff92",
    "https://deno.land/x/cliffy@v0.20.1/command/completions/complete.ts": "c360de280a2d68415ec8d59e678fe8df4a19b910ebafc1a486728a42c340344d",
    "https://deno.land/x/cliffy@v0.20.1/command/completions/fish.ts": "937eacc416282f406f5d81e9911262daa88302bbc83caf29f9ea096eca527d64",
    "https://deno.land/x/cliffy@v0.20.1/command/completions/mod.ts": "96d199716fedcba3f47638ce569761e06ae10851cd0a872be3817ca135c84f58",
    "https://deno.land/x/cliffy@v0.20.1/command/completions/zsh.ts": "807774a6ecfa3b544a29ef6087ca02c3b9be554529ce45f4826b357b0c27afd6",
    "https://deno.land/x/cliffy@v0.20.1/command/deps.ts": "3d16782b5fdcf43f353e4d690f851d7008604d568cef07ec0b61527e47523a1d",
    "https://deno.land/x/cliffy@v0.20.1/command/help/_help_generator.ts": "1fca9fd70b5583fc9d7855a6cd2e573427990cc18004c106b01864cdc815cfd7",
    "https://deno.land/x/cliffy@v0.20.1/command/help/mod.ts": "fd4370261e62a9a201c52c12039870afaa501d849af9e04bba34b27a4cc5e2aa",
    "https://deno.land/x/cliffy@v0.20.1/command/mod.ts": "ab5a5d05ad3e723bcb8434003847ff06dafbd43c58a86f5f47b69d4f6a10c79e",
    "https://deno.land/x/cliffy@v0.20.1/command/type.ts": "d3d9b87de039f2322a4ac28a8a6ddc7c945513ed64ade387f9fe677d0fe247dd",
    "https://deno.land/x/cliffy@v0.20.1/command/types.ts": "15e9ba88fd8735ca0897f649ae1ec67883989a41d6f0f1dccfb0fb839c7d96cd",
    "https://deno.land/x/cliffy@v0.20.1/command/types/action_list.ts": "33c98d449617c7a563a535c9ceb3741bde9f6363353fd492f90a74570c611c27",
    "https://deno.land/x/cliffy@v0.20.1/command/types/boolean.ts": "bf0fbaacbd79398f4f4a832437a8ac49f34f12fe42b8b44dca68ad23cd7b02e8",
    "https://deno.land/x/cliffy@v0.20.1/command/types/child_command.ts": "f1fca390c7fbfa7a713ca15ef55c2c7656bcbb394d50e8ef54085bdf6dc22559",
    "https://deno.land/x/cliffy@v0.20.1/command/types/command.ts": "325d0382e383b725fd8d0ef34ebaeae082c5b76a1f6f2e843fee5dbb1a4fe3ac",
    "https://deno.land/x/cliffy@v0.20.1/command/types/enum.ts": "e54b362848416dd60f45824b50b01513db8e78bba1ede38d6344334c8f879b3f",
    "https://deno.land/x/cliffy@v0.20.1/command/types/integer.ts": "b49ef8c43fe59ccf67e792c72ff350520dab08c9bd552eff004e134f292daa06",
    "https://deno.land/x/cliffy@v0.20.1/command/types/number.ts": "32c3d1decf3b8d9dfa10b0027b07e9c6753c0059d1ccf2d1d768b879d05e0d3e",
    "https://deno.land/x/cliffy@v0.20.1/command/types/string.ts": "e415dd7bce1b4d0ac4417e370a41a8c7a476f78cb19bf4a757ba11da343f344c",
    "https://deno.land/x/cliffy@v0.20.1/flags/_errors.ts": "fa4a46b85051dd18683f6aba145b96e422d47a17744fc02db8f169915ca725c1",
    "https://deno.land/x/cliffy@v0.20.1/flags/_utils.ts": "fe103ea0e0300dfacdd8627667e0731222d354805413a8a781f3252e4bff8baa",
    "https://deno.land/x/cliffy@v0.20.1/flags/flags.ts": "db1691d4c0e14c8fee3c4e58c3a8c3d594bd3e50c6d69096a03c2677c477c49a",
    "https://deno.land/x/cliffy@v0.20.1/flags/types.ts": "c69d7227c825e9c2f4be5a9b804e4275dfc9ebf855925fd8d831fed51e51c41a",
    "https://deno.land/x/cliffy@v0.20.1/flags/types/boolean.ts": "3a80c2332c2f2f58427774cd0ed15b773be2c6bab6323ab4085ac7eaed9fe021",
    "https://deno.land/x/cliffy@v0.20.1/flags/types/integer.ts": "931b6c9f748a839ad304d60851159ebe3f26ccea50fb0907925a94e93772acaf",
    "https://deno.land/x/cliffy@v0.20.1/flags/types/number.ts": "ace1b124c644f4fac2a7bf781fafe3f8a32528b22ec939a3291424a313c8e301",
    "https://deno.land/x/cliffy@v0.20.1/flags/types/string.ts": "2764413b7f86962152fd0ac3edf5107b94cb6ae8a237243d65c3a2eb2073d624",
    "https://deno.land/x/cliffy@v0.20.1/flags/validate_flags.ts": "7724a6118a05e2b5b058451dc1be401615bbef5deb75d52f7e1b35b124bdb50c",
    "https://deno.land/x/cliffy@v0.20.1/table/border.ts": "2514abae4e4f51eda60a5f8c927ba24efd464a590027e900926b38f68e01253c",
    "https://deno.land/x/cliffy@v0.20.1/table/cell.ts": "1d787d8006ac8302020d18ec39f8d7f1113612c20801b973e3839de9c3f8b7b3",
    "https://deno.land/x/cliffy@v0.20.1/table/deps.ts": "77babb7a6cea256b44dd5f19a1d7c23b9f4cea3fc841d9593d03602c4123bdda",
    "https://deno.land/x/cliffy@v0.20.1/table/layout.ts": "b3055be2bc94dce0381094182121c026328ba9f173d6c1d0eb00a3dd7482b226",
    "https://deno.land/x/cliffy@v0.20.1/table/row.ts": "707c8f9c71f28e7ded22a053c13c0988a9598eec0a9e2a7aea7d15cad64d3cfe",
    "https://deno.land/x/cliffy@v0.20.1/table/table.ts": "3905c40d030626faab87a3e2e24982382c0d4c11eccae829a9e04db94d29e3e9",
    "https://deno.land/x/cliffy@v0.20.1/table/utils.ts": "720bf8f10abf7bfbc8f3751708f3fafaf9a344706534e52b6cb30ed49882fd82",
    "https://deno.land/x/date_fns@v2.22.1/_lib/addLeadingZeros/index.js": "2678175ae21bc13620cba3b46d0d82ce79569989e8a250893a0509091b8ec670",
    "https://deno.land/x/date_fns@v2.22.1/_lib/format/formatters/index.js": "42d1f20da4fa4bb5f22a73198232d70c3f00e69d1cc3126bb645df64199fae85",
    "https://deno.land/x/date_fns@v2.22.1/_lib/format/lightFormatters/index.ts": "179147aad545251fd725a7457c47bc86c5d21c3cd57667281f63e72fcddf3fe1",
    "https://deno.land/x/date_fns@v2.22.1/_lib/format/longFormatters/index.js": "ae386e1701ed0a6a5e3bd4bc831e2e5902ec44099415771dae519c51abcbda58",
    "https://deno.land/x/date_fns@v2.22.1/_lib/getTimezoneOffsetInMilliseconds/index.js": "b2527365ea3b48a155aadc011d780ea98a22ae87416fcc138b23d6da6f1d4774",
    "https://deno.land/x/date_fns@v2.22.1/_lib/getUTCDayOfYear/index.js": "96f75f05dba773ee58bdf22305605547382dd716bf871538b7bc7546b28dc4a3",
    "https://deno.land/x/date_fns@v2.22.1/_lib/getUTCISOWeek/index.js": "1f61c47a6e34fbdfa4fb62c03743fde3af409488cc5944556fdae648750e5504",
    "https://deno.land/x/date_fns@v2.22.1/_lib/getUTCISOWeekYear/index.js": "68bba82725321943148faf6236d81e2e7edb531c5a47e1863050bd794721b4af",
    "https://deno.land/x/date_fns@v2.22.1/_lib/getUTCWeek/index.js": "3d9c40196a355ae3661b29b645bd87b092b35e1d3f64784ea5e88b27cb3bbb89",
    "https://deno.land/x/date_fns@v2.22.1/_lib/getUTCWeekYear/index.js": "08e9640828d41b29a3265f2ebcc9d35697e7ddac216a5cb46cb1fb6b3ed12f39",
    "https://deno.land/x/date_fns@v2.22.1/_lib/protectedTokens/index.js": "b804f2b7c20ef23de158e307915b187a0e9a2eaf28c73747f9250cb4d530f923",
    "https://deno.land/x/date_fns@v2.22.1/_lib/requiredArgs/index.ts": "4be7299a12120b86d47cf33ff59c8433be40cdc010c411444e1a118de4a2212e",
    "https://deno.land/x/date_fns@v2.22.1/_lib/startOfUTCISOWeek/index.js": "0875648c58778e08ef612a01cc853458bb145fedec7d41be669f4d672c0d3e2d",
    "https://deno.land/x/date_fns@v2.22.1/_lib/startOfUTCISOWeekYear/index.js": "95e7f3d74de46c8c5b248a87ea15847e211e9b0522154cab7539a223f1c7f1c6",
    "https://deno.land/x/date_fns@v2.22.1/_lib/startOfUTCWeek/index.js": "18bf39b13ad73bdc970bedfd0241101929c97e53b5603b35217be5947b57305e",
    "https://deno.land/x/date_fns@v2.22.1/_lib/startOfUTCWeekYear/index.js": "6fdc239c3b534b802dab5ef0416decf8cad9d0f38a079e56aeaa1220677cb892",
    "https://deno.land/x/date_fns@v2.22.1/_lib/toInteger/index.ts": "cba0112f6f9d9c8a13e00de7cc3991363a8a45d0798aa18eef25e8bbadf2e246",
    "https://deno.land/x/date_fns@v2.22.1/addMilliseconds/index.ts": "10d5a105b6b32c36349f4ea30d791adbcbdcb3d5782f60dd077e526a77c4987a",
    "https://deno.land/x/date_fns@v2.22.1/format/index.js": "37f93629ebf2c7a93d5b6f60e79edf308a634acd63aaabb2b50b69c2026c56be",
    "https://deno.land/x/date_fns@v2.22.1/isValid/index.js": "8d4f51ca9507d906a532ba6c8bb8624a7b600ff4fdcf7b33b74185c997417b93",
    "https://deno.land/x/date_fns@v2.22.1/locale/_lib/buildFormatLongFn/index.js": "2ea8f11006f8f48ac65ded35a5dd8ac837f2aad1d73f482730a9bf0491c6e4f1",
    "https://deno.land/x/date_fns@v2.22.1/locale/_lib/buildLocalizeFn/index.js": "0a7e6ce85d2c3046007a2fb08cb9fb45e9300da522d9cad66cc8ad4fb75d1205",
    "https://deno.land/x/date_fns@v2.22.1/locale/_lib/buildMatchFn/index.js": "bc722f6415ecceadac57d4e80125e7b4f496166b8fee1351a1abad9e895bddcc",
    "https://deno.land/x/date_fns@v2.22.1/locale/_lib/buildMatchPatternFn/index.js": "1291177be2caba2db8692a054e47dc17e0cd43250b2a1da57c30d3d4d72c4cc8",
    "https://deno.land/x/date_fns@v2.22.1/locale/en-US/_lib/formatDistance/index.js": "09d3fbdd422d8019ab813e299ae5d14ac258ef897498267556e13dbad41ea561",
    "https://deno.land/x/date_fns@v2.22.1/locale/en-US/_lib/formatLong/index.js": "52fb74d1bc611b8f3ccd87988fc024cf3e9159faf7628603da71cb7bc756bc13",
    "https://deno.land/x/date_fns@v2.22.1/locale/en-US/_lib/formatRelative/index.js": "31d02ce6bbf4d7ebd2abb2fcbb8a6204759a1f142353e8500317371730b1db0b",
    "https://deno.land/x/date_fns@v2.22.1/locale/en-US/_lib/localize/index.js": "623f4a38b01dcdca56d1dfce7aa886b67560902f8b4fcb0e5d57f896fe438b0b",
    "https://deno.land/x/date_fns@v2.22.1/locale/en-US/_lib/match/index.js": "2c34feeac250cdf789df040d4946cd083e5d76220272c8eb604b91b964639830",
    "https://deno.land/x/date_fns@v2.22.1/locale/en-US/index.js": "0f8be92f548a2141d7d75d7d538576ef1b0fc528d31f5916bf2105b57bb8b554",
    "https://deno.land/x/date_fns@v2.22.1/subMilliseconds/index.ts": "9320b22b3ee1630654bd3376f738e5413ec9ec4d4b22cf6e4b751c92ef30f828",
    "https://deno.land/x/date_fns@v2.22.1/toDate/index.ts": "212facd1ac2edfca2a84430dad7d96c2b65509643b9d2cd40b4f1c92a6e58aef",
    "https://deno.land/x/dir@1.5.1/home_dir/mod.ts": "53777e4fb2586ae02ce94adf2c99f2edb2dcf6e72d07ac289b71593cfacbdbbf"
  }
}
